
Microsoft Visual Studio Solution File, Format Version 12.00
# Visual Studio Version 17
VisualStudioVersion = 17.11.35208.52
MinimumVisualStudioVersion = 10.0.40219.1
Project("{FAE04EC0-301F-11D3-BF4B-00C04F79EFBC}") = "316a_Vorobiev_Dmitriy_Variant_2", "316a_Vorobiev_Dmitriy_Variant_2.csproj", "{4D896DCD-187D-44A1-A6C8-7E4691F7DC0F}"
EndProject
Global
	GlobalSection(SolutionConfigurationPlatforms) = preSolution
		Debug|Any CPU = Debug|Any CPU
		Release|Any CPU = Release|Any CPU
	EndGlobalSection
	GlobalSection(ProjectConfigurationPlatforms) = postSolution
		{4D896DCD-187D-44A1-A6C8-7E4691F7DC0F}.Debug|Any CPU.ActiveCfg = Debug|Any CPU
		{4D896DCD-187D-44A1-A6C8-7E4691F7DC0F}.Debug|Any CPU.Build.0 = Debug|Any CPU
		{4D896DCD-187D-44A1-A6C8-7E4691F7DC0F}.Release|Any CPU.ActiveCfg = Release|Any CPU
		{4D896DCD-187D-44A1-A6C8-7E4691F7DC0F}.Release|Any CPU.Build.0 = Release|Any CPU
	EndGlobalSection
	GlobalSection(SolutionProperties) = preSolution
		HideSolutionNode = FALSE
	EndGlobalSection
	GlobalSection(ExtensibilityGlobals) = postSolution
		SolutionGuid = {DCA2B868-49DC-429F-BDDA-BAA6760AD446}
	EndGlobalSection
EndGlobal
